
Microsoft Visual Studio Solution File, Format Version 12.00
# Visual Studio 15
VisualStudioVersion = 15.0.26730.12
MinimumVisualStudioVersion = 10.0.40219.1
Project("{FAE04EC0-301F-11D3-BF4B-00C04F79EFBC}") = "HeroDgital", "src\HeroDgital\HeroDgital.csproj", "{65DE2A03-FB1C-4514-A90F-8ED5E6BAD797}"
EndProject
Project("{FAE04EC0-301F-11D3-BF4B-00C04F79EFBC}") = "HeroDigital.Data", "src\HeroDigital.Data\HeroDigital.Data.csproj", "{70842A01-E2F7-4989-90B5-0678CDF8FBDA}"
EndProject
Project("{2150E333-8FDC-42A3-9474-1A3956D46DE8}") = ".nuget", ".nuget", "{A2B453F0-AE9B-4BF4-B5AD-8EECE2DDB84C}"
	ProjectSection(SolutionItems) = preProject
		.nuget\NuGet.config = .nuget\NuGet.config
	EndProjectSection
EndProject
Global
	GlobalSection(SolutionConfigurationPlatforms) = preSolution
		Debug|Any CPU = Debug|Any CPU
		Release|Any CPU = Release|Any CPU
	EndGlobalSection
	GlobalSection(ProjectConfigurationPlatforms) = postSolution
		{65DE2A03-FB1C-4514-A90F-8ED5E6BAD797}.Debug|Any CPU.ActiveCfg = Debug|Any CPU
		{65DE2A03-FB1C-4514-A90F-8ED5E6BAD797}.Debug|Any CPU.Build.0 = Debug|Any CPU
		{65DE2A03-FB1C-4514-A90F-8ED5E6BAD797}.Release|Any CPU.ActiveCfg = Release|Any CPU
		{65DE2A03-FB1C-4514-A90F-8ED5E6BAD797}.Release|Any CPU.Build.0 = Release|Any CPU
		{70842A01-E2F7-4989-90B5-0678CDF8FBDA}.Debug|Any CPU.ActiveCfg = Debug|Any CPU
		{70842A01-E2F7-4989-90B5-0678CDF8FBDA}.Debug|Any CPU.Build.0 = Debug|Any CPU
		{70842A01-E2F7-4989-90B5-0678CDF8FBDA}.Release|Any CPU.ActiveCfg = Release|Any CPU
		{70842A01-E2F7-4989-90B5-0678CDF8FBDA}.Release|Any CPU.Build.0 = Release|Any CPU
	EndGlobalSection
	GlobalSection(SolutionProperties) = preSolution
		HideSolutionNode = FALSE
	EndGlobalSection
	GlobalSection(ExtensibilityGlobals) = postSolution
		SolutionGuid = {C63A6B9E-D850-40DB-A6BB-8973D2A26627}
	EndGlobalSection
EndGlobal
